
Microsoft Visual Studio Solution File, Format Version 12.00
# Visual Studio Version 16
VisualStudioVersion = 16.0.30128.74
MinimumVisualStudioVersion = 10.0.40219.1
Project("{9092AA53-FB77-4645-B42D-1CCCA6BD08BD}") = "Assigment1_200312049", "Assigment1_200312049.njsproj", "{4634A0A5-274D-429F-91BE-7A7FFEEAEA34}"
EndProject
Global
	GlobalSection(SolutionConfigurationPlatforms) = preSolution
		Debug|Any CPU = Debug|Any CPU
		Release|Any CPU = Release|Any CPU
	EndGlobalSection
	GlobalSection(ProjectConfigurationPlatforms) = postSolution
		{4634A0A5-274D-429F-91BE-7A7FFEEAEA34}.Debug|Any CPU.ActiveCfg = Debug|Any CPU
		{4634A0A5-274D-429F-91BE-7A7FFEEAEA34}.Debug|Any CPU.Build.0 = Debug|Any CPU
		{4634A0A5-274D-429F-91BE-7A7FFEEAEA34}.Release|Any CPU.ActiveCfg = Release|Any CPU
		{4634A0A5-274D-429F-91BE-7A7FFEEAEA34}.Release|Any CPU.Build.0 = Release|Any CPU
	EndGlobalSection
	GlobalSection(SolutionProperties) = preSolution
		HideSolutionNode = FALSE
	EndGlobalSection
	GlobalSection(ExtensibilityGlobals) = postSolution
		SolutionGuid = {E122717A-1207-45E4-A3F3-645485B7486C}
	EndGlobalSection
EndGlobal
